// !$*UTF8*$!
{
	archiveVersion = 1;
	classes = {
	};
	objectVersion = 55;
	objects = {

/* Begin PBXBuildFile section */
		116F3A06B66774FC20D68161 /* Pods_gripTests.framework in Frameworks */ = {isa = PBXBuildFile; fileRef = FD465CBC7D5652F8201A365A /* Pods_gripTests.framework */; };
		A0D17A5E2853A5370088E929 /* AppDelegate.swift in Sources */ = {isa = PBXBuildFile; fileRef = A0D17A5D2853A5370088E929 /* AppDelegate.swift */; };
		A0D17A602853A5370088E929 /* SceneDelegate.swift in Sources */ = {isa = PBXBuildFile; fileRef = A0D17A5F2853A5370088E929 /* SceneDelegate.swift */; };
		A0D17A622853A5370088E929 /* ViewController.swift in Sources */ = {isa = PBXBuildFile; fileRef = A0D17A612853A5370088E929 /* ViewController.swift */; };
		A0D17A652853A5370088E929 /* Main.storyboard in Resources */ = {isa = PBXBuildFile; fileRef = A0D17A632853A5370088E929 /* Main.storyboard */; };
		A0D17A682853A5370088E929 /* grip.xcdatamodeld in Sources */ = {isa = PBXBuildFile; fileRef = A0D17A662853A5370088E929 /* grip.xcdatamodeld */; };
		A0D17A6A2853A5380088E929 /* Assets.xcassets in Resources */ = {isa = PBXBuildFile; fileRef = A0D17A692853A5380088E929 /* Assets.xcassets */; };
		A0D17A6D2853A5380088E929 /* LaunchScreen.storyboard in Resources */ = {isa = PBXBuildFile; fileRef = A0D17A6B2853A5380088E929 /* LaunchScreen.storyboard */; };
		A0D17A782853A5380088E929 /* gripTests.swift in Sources */ = {isa = PBXBuildFile; fileRef = A0D17A772853A5380088E929 /* gripTests.swift */; };
		A0D17A822853A5380088E929 /* gripUITests.swift in Sources */ = {isa = PBXBuildFile; fileRef = A0D17A812853A5380088E929 /* gripUITests.swift */; };
		A0D17A842853A5380088E929 /* gripUITestsLaunchTests.swift in Sources */ = {isa = PBXBuildFile; fileRef = A0D17A832853A5380088E929 /* gripUITestsLaunchTests.swift */; };
		B98200C7C4BA1796BD14F7E0 /* Pods_grip_gripUITests.framework in Frameworks */ = {isa = PBXBuildFile; fileRef = 260C0C4CD67A6E3EA245E36C /* Pods_grip_gripUITests.framework */; };
		BF16D2EFACEC0156D3FD70B7 /* Pods_grip.framework in Frameworks */ = {isa = PBXBuildFile; fileRef = 0DF4E760A9B792EC716AAF26 /* Pods_grip.framework */; };
/* End PBXBuildFile section */

/* Begin PBXContainerItemProxy section */
		A0D17A742853A5380088E929 /* PBXContainerItemProxy */ = {
			isa = PBXContainerItemProxy;
			containerPortal = A0D17A522853A5370088E929 /* Project object */;
			proxyType = 1;
			remoteGlobalIDString = A0D17A592853A5370088E929;
			remoteInfo = grip;
		};
		A0D17A7E2853A5380088E929 /* PBXContainerItemProxy */ = {
			isa = PBXContainerItemProxy;
			containerPortal = A0D17A522853A5370088E929 /* Project object */;
			proxyType = 1;
			remoteGlobalIDString = A0D17A592853A5370088E929;
			remoteInfo = grip;
		};
/* End PBXContainerItemProxy section */

/* Begin PBXFileReference section */
		010C17BF95AC9C0D59EC512E /* Pods-grip.dev production.xcconfig */ = {isa = PBXFileReference; includeInIndex = 1; lastKnownFileType = text.xcconfig; name = "Pods-grip.dev production.xcconfig"; path = "Target Support Files/Pods-grip/Pods-grip.dev production.xcconfig"; sourceTree = "<group>"; };
		016EFC3CA3FC80D7E7163989 /* Pods-grip-gripUITests.dev mock.xcconfig */ = {isa = PBXFileReference; includeInIndex = 1; lastKnownFileType = text.xcconfig; name = "Pods-grip-gripUITests.dev mock.xcconfig"; path = "Target Support Files/Pods-grip-gripUITests/Pods-grip-gripUITests.dev mock.xcconfig"; sourceTree = "<group>"; };
		0DF0C98BABC49266D31C1B84 /* Pods-grip.production.xcconfig */ = {isa = PBXFileReference; includeInIndex = 1; lastKnownFileType = text.xcconfig; name = "Pods-grip.production.xcconfig"; path = "Target Support Files/Pods-grip/Pods-grip.production.xcconfig"; sourceTree = "<group>"; };
		0DF4E760A9B792EC716AAF26 /* Pods_grip.framework */ = {isa = PBXFileReference; explicitFileType = wrapper.framework; includeInIndex = 0; path = Pods_grip.framework; sourceTree = BUILT_PRODUCTS_DIR; };
		2233F04A1C495D6B1219F331 /* Pods-grip-gripUITests.production.xcconfig */ = {isa = PBXFileReference; includeInIndex = 1; lastKnownFileType = text.xcconfig; name = "Pods-grip-gripUITests.production.xcconfig"; path = "Target Support Files/Pods-grip-gripUITests/Pods-grip-gripUITests.production.xcconfig"; sourceTree = "<group>"; };
		260C0C4CD67A6E3EA245E36C /* Pods_grip_gripUITests.framework */ = {isa = PBXFileReference; explicitFileType = wrapper.framework; includeInIndex = 0; path = Pods_grip_gripUITests.framework; sourceTree = BUILT_PRODUCTS_DIR; };
		27E2BB42E6F8E77311239261 /* Pods-grip.dev qa.xcconfig */ = {isa = PBXFileReference; includeInIndex = 1; lastKnownFileType = text.xcconfig; name = "Pods-grip.dev qa.xcconfig"; path = "Target Support Files/Pods-grip/Pods-grip.dev qa.xcconfig"; sourceTree = "<group>"; };
		328121B41145F021DD082B15 /* Pods-gripTests.dev mock.xcconfig */ = {isa = PBXFileReference; includeInIndex = 1; lastKnownFileType = text.xcconfig; name = "Pods-gripTests.dev mock.xcconfig"; path = "Target Support Files/Pods-gripTests/Pods-gripTests.dev mock.xcconfig"; sourceTree = "<group>"; };
		3A6F12436FF5DF286DC594A4 /* Pods-grip-gripUITests.dev stag.xcconfig */ = {isa = PBXFileReference; includeInIndex = 1; lastKnownFileType = text.xcconfig; name = "Pods-grip-gripUITests.dev stag.xcconfig"; path = "Target Support Files/Pods-grip-gripUITests/Pods-grip-gripUITests.dev stag.xcconfig"; sourceTree = "<group>"; };
		56F57561F9A7703F2DB4DF47 /* Pods-grip.dev mock.xcconfig */ = {isa = PBXFileReference; includeInIndex = 1; lastKnownFileType = text.xcconfig; name = "Pods-grip.dev mock.xcconfig"; path = "Target Support Files/Pods-grip/Pods-grip.dev mock.xcconfig"; sourceTree = "<group>"; };
		6B7D7A53A53E1715901E6DA8 /* Pods-gripTests.dev qa.xcconfig */ = {isa = PBXFileReference; includeInIndex = 1; lastKnownFileType = text.xcconfig; name = "Pods-gripTests.dev qa.xcconfig"; path = "Target Support Files/Pods-gripTests/Pods-gripTests.dev qa.xcconfig"; sourceTree = "<group>"; };
		7965D57AE9FA6995E7CFAE5F /* Pods-gripTests.production.xcconfig */ = {isa = PBXFileReference; includeInIndex = 1; lastKnownFileType = text.xcconfig; name = "Pods-gripTests.production.xcconfig"; path = "Target Support Files/Pods-gripTests/Pods-gripTests.production.xcconfig"; sourceTree = "<group>"; };
		A0D17A5A2853A5370088E929 /* grip.app */ = {isa = PBXFileReference; explicitFileType = wrapper.application; includeInIndex = 0; path = grip.app; sourceTree = BUILT_PRODUCTS_DIR; };
		A0D17A5D2853A5370088E929 /* AppDelegate.swift */ = {isa = PBXFileReference; lastKnownFileType = sourcecode.swift; path = AppDelegate.swift; sourceTree = "<group>"; };
		A0D17A5F2853A5370088E929 /* SceneDelegate.swift */ = {isa = PBXFileReference; lastKnownFileType = sourcecode.swift; path = SceneDelegate.swift; sourceTree = "<group>"; };
		A0D17A612853A5370088E929 /* ViewController.swift */ = {isa = PBXFileReference; lastKnownFileType = sourcecode.swift; path = ViewController.swift; sourceTree = "<group>"; };
		A0D17A642853A5370088E929 /* Base */ = {isa = PBXFileReference; lastKnownFileType = file.storyboard; name = Base; path = Base.lproj/Main.storyboard; sourceTree = "<group>"; };
		A0D17A672853A5370088E929 /* grip.xcdatamodel */ = {isa = PBXFileReference; lastKnownFileType = wrapper.xcdatamodel; path = grip.xcdatamodel; sourceTree = "<group>"; };
		A0D17A692853A5380088E929 /* Assets.xcassets */ = {isa = PBXFileReference; lastKnownFileType = folder.assetcatalog; path = Assets.xcassets; sourceTree = "<group>"; };
		A0D17A6C2853A5380088E929 /* Base */ = {isa = PBXFileReference; lastKnownFileType = file.storyboard; name = Base; path = Base.lproj/LaunchScreen.storyboard; sourceTree = "<group>"; };
		A0D17A6E2853A5380088E929 /* Info.plist */ = {isa = PBXFileReference; lastKnownFileType = text.plist.xml; path = Info.plist; sourceTree = "<group>"; };
		A0D17A732853A5380088E929 /* gripTests.xctest */ = {isa = PBXFileReference; explicitFileType = wrapper.cfbundle; includeInIndex = 0; path = gripTests.xctest; sourceTree = BUILT_PRODUCTS_DIR; };
		A0D17A772853A5380088E929 /* gripTests.swift */ = {isa = PBXFileReference; lastKnownFileType = sourcecode.swift; path = gripTests.swift; sourceTree = "<group>"; };
		A0D17A7D2853A5380088E929 /* gripUITests.xctest */ = {isa = PBXFileReference; explicitFileType = wrapper.cfbundle; includeInIndex = 0; path = gripUITests.xctest; sourceTree = BUILT_PRODUCTS_DIR; };
		A0D17A812853A5380088E929 /* gripUITests.swift */ = {isa = PBXFileReference; lastKnownFileType = sourcecode.swift; path = gripUITests.swift; sourceTree = "<group>"; };
		A0D17A832853A5380088E929 /* gripUITestsLaunchTests.swift */ = {isa = PBXFileReference; lastKnownFileType = sourcecode.swift; path = gripUITestsLaunchTests.swift; sourceTree = "<group>"; };
		AF19712C7524F5587204A4A4 /* Pods-grip-gripUITests.dev production.xcconfig */ = {isa = PBXFileReference; includeInIndex = 1; lastKnownFileType = text.xcconfig; name = "Pods-grip-gripUITests.dev production.xcconfig"; path = "Target Support Files/Pods-grip-gripUITests/Pods-grip-gripUITests.dev production.xcconfig"; sourceTree = "<group>"; };
		B342442AB1D4C93CCA339786 /* Pods-gripTests.dev production.xcconfig */ = {isa = PBXFileReference; includeInIndex = 1; lastKnownFileType = text.xcconfig; name = "Pods-gripTests.dev production.xcconfig"; path = "Target Support Files/Pods-gripTests/Pods-gripTests.dev production.xcconfig"; sourceTree = "<group>"; };
		C49B1E3B354716F4917A9ADB /* Pods-gripTests.dev stag.xcconfig */ = {isa = PBXFileReference; includeInIndex = 1; lastKnownFileType = text.xcconfig; name = "Pods-gripTests.dev stag.xcconfig"; path = "Target Support Files/Pods-gripTests/Pods-gripTests.dev stag.xcconfig"; sourceTree = "<group>"; };
		D9A4F7F8B5E4921689990B6E /* Pods-grip-gripUITests.dev qa.xcconfig */ = {isa = PBXFileReference; includeInIndex = 1; lastKnownFileType = text.xcconfig; name = "Pods-grip-gripUITests.dev qa.xcconfig"; path = "Target Support Files/Pods-grip-gripUITests/Pods-grip-gripUITests.dev qa.xcconfig"; sourceTree = "<group>"; };
		DC0C3983AF09945CA6B9BB9B /* Pods-grip.dev stag.xcconfig */ = {isa = PBXFileReference; includeInIndex = 1; lastKnownFileType = text.xcconfig; name = "Pods-grip.dev stag.xcconfig"; path = "Target Support Files/Pods-grip/Pods-grip.dev stag.xcconfig"; sourceTree = "<group>"; };
		FD465CBC7D5652F8201A365A /* Pods_gripTests.framework */ = {isa = PBXFileReference; explicitFileType = wrapper.framework; includeInIndex = 0; path = Pods_gripTests.framework; sourceTree = BUILT_PRODUCTS_DIR; };
/* End PBXFileReference section */

/* Begin PBXFrameworksBuildPhase section */
		A0D17A572853A5370088E929 /* Frameworks */ = {
			isa = PBXFrameworksBuildPhase;
			buildActionMask = 2147483647;
			files = (
				BF16D2EFACEC0156D3FD70B7 /* Pods_grip.framework in Frameworks */,
			);
			runOnlyForDeploymentPostprocessing = 0;
		};
		A0D17A702853A5380088E929 /* Frameworks */ = {
			isa = PBXFrameworksBuildPhase;
			buildActionMask = 2147483647;
			files = (
				116F3A06B66774FC20D68161 /* Pods_gripTests.framework in Frameworks */,
			);
			runOnlyForDeploymentPostprocessing = 0;
		};
		A0D17A7A2853A5380088E929 /* Frameworks */ = {
			isa = PBXFrameworksBuildPhase;
			buildActionMask = 2147483647;
			files = (
				B98200C7C4BA1796BD14F7E0 /* Pods_grip_gripUITests.framework in Frameworks */,
			);
			runOnlyForDeploymentPostprocessing = 0;
		};
/* End PBXFrameworksBuildPhase section */

/* Begin PBXGroup section */
		6E298458773383BFB6408BE4 /* Frameworks */ = {
			isa = PBXGroup;
			children = (
				0DF4E760A9B792EC716AAF26 /* Pods_grip.framework */,
				260C0C4CD67A6E3EA245E36C /* Pods_grip_gripUITests.framework */,
				FD465CBC7D5652F8201A365A /* Pods_gripTests.framework */,
			);
			name = Frameworks;
			sourceTree = "<group>";
		};
		9CBD280C5D5D88CEE1261E6C /* Pods */ = {
			isa = PBXGroup;
			children = (
				DC0C3983AF09945CA6B9BB9B /* Pods-grip.dev stag.xcconfig */,
				27E2BB42E6F8E77311239261 /* Pods-grip.dev qa.xcconfig */,
				56F57561F9A7703F2DB4DF47 /* Pods-grip.dev mock.xcconfig */,
				010C17BF95AC9C0D59EC512E /* Pods-grip.dev production.xcconfig */,
				0DF0C98BABC49266D31C1B84 /* Pods-grip.production.xcconfig */,
				3A6F12436FF5DF286DC594A4 /* Pods-grip-gripUITests.dev stag.xcconfig */,
				D9A4F7F8B5E4921689990B6E /* Pods-grip-gripUITests.dev qa.xcconfig */,
				016EFC3CA3FC80D7E7163989 /* Pods-grip-gripUITests.dev mock.xcconfig */,
				AF19712C7524F5587204A4A4 /* Pods-grip-gripUITests.dev production.xcconfig */,
				2233F04A1C495D6B1219F331 /* Pods-grip-gripUITests.production.xcconfig */,
				C49B1E3B354716F4917A9ADB /* Pods-gripTests.dev stag.xcconfig */,
				6B7D7A53A53E1715901E6DA8 /* Pods-gripTests.dev qa.xcconfig */,
				328121B41145F021DD082B15 /* Pods-gripTests.dev mock.xcconfig */,
				B342442AB1D4C93CCA339786 /* Pods-gripTests.dev production.xcconfig */,
				7965D57AE9FA6995E7CFAE5F /* Pods-gripTests.production.xcconfig */,
			);
			name = Pods;
			path = Pods;
			sourceTree = "<group>";
		};
		A0D17A512853A5370088E929 = {
			isa = PBXGroup;
			children = (
				A0D17A5C2853A5370088E929 /* grip */,
				A0D17A762853A5380088E929 /* gripTests */,
				A0D17A802853A5380088E929 /* gripUITests */,
				A0D17A5B2853A5370088E929 /* Products */,
				9CBD280C5D5D88CEE1261E6C /* Pods */,
				6E298458773383BFB6408BE4 /* Frameworks */,
			);
			sourceTree = "<group>";
		};
		A0D17A5B2853A5370088E929 /* Products */ = {
			isa = PBXGroup;
			children = (
				A0D17A5A2853A5370088E929 /* grip.app */,
				A0D17A732853A5380088E929 /* gripTests.xctest */,
				A0D17A7D2853A5380088E929 /* gripUITests.xctest */,
			);
			name = Products;
			sourceTree = "<group>";
		};
		A0D17A5C2853A5370088E929 /* grip */ = {
			isa = PBXGroup;
			children = (
				A0D17A902853A9350088E929 /* Sources */,
				A0D17A5D2853A5370088E929 /* AppDelegate.swift */,
				A0D17A5F2853A5370088E929 /* SceneDelegate.swift */,
				A0D17A612853A5370088E929 /* ViewController.swift */,
				A0D17A632853A5370088E929 /* Main.storyboard */,
				A0D17A692853A5380088E929 /* Assets.xcassets */,
				A0D17A6B2853A5380088E929 /* LaunchScreen.storyboard */,
				A0D17A6E2853A5380088E929 /* Info.plist */,
				A0D17A662853A5370088E929 /* grip.xcdatamodeld */,
			);
			path = grip;
			sourceTree = "<group>";
		};
		A0D17A762853A5380088E929 /* gripTests */ = {
			isa = PBXGroup;
			children = (
				A0D17A772853A5380088E929 /* gripTests.swift */,
			);
			path = gripTests;
			sourceTree = "<group>";
		};
		A0D17A802853A5380088E929 /* gripUITests */ = {
			isa = PBXGroup;
			children = (
				A0D17A812853A5380088E929 /* gripUITests.swift */,
				A0D17A832853A5380088E929 /* gripUITestsLaunchTests.swift */,
			);
			path = gripUITests;
			sourceTree = "<group>";
		};
		A0D17A902853A9350088E929 /* Sources */ = {
			isa = PBXGroup;
			children = (
			);
			path = Sources;
			sourceTree = "<group>";
		};
/* End PBXGroup section */

/* Begin PBXNativeTarget section */
		A0D17A592853A5370088E929 /* grip */ = {
			isa = PBXNativeTarget;
			buildConfigurationList = A0D17A872853A5380088E929 /* Build configuration list for PBXNativeTarget "grip" */;
			buildPhases = (
				25DE852144BD867EFEC2E66B /* [CP] Check Pods Manifest.lock */,
				A0D17A562853A5370088E929 /* Sources */,
				A0D17A572853A5370088E929 /* Frameworks */,
				A0D17A582853A5370088E929 /* Resources */,
			);
			buildRules = (
			);
			dependencies = (
			);
			name = grip;
			productName = grip;
			productReference = A0D17A5A2853A5370088E929 /* grip.app */;
			productType = "com.apple.product-type.application";
		};
		A0D17A722853A5380088E929 /* gripTests */ = {
			isa = PBXNativeTarget;
			buildConfigurationList = A0D17A8A2853A5380088E929 /* Build configuration list for PBXNativeTarget "gripTests" */;
			buildPhases = (
				637A0922070CC5720044A906 /* [CP] Check Pods Manifest.lock */,
				A0D17A6F2853A5380088E929 /* Sources */,
				A0D17A702853A5380088E929 /* Frameworks */,
				A0D17A712853A5380088E929 /* Resources */,
			);
			buildRules = (
			);
			dependencies = (
				A0D17A752853A5380088E929 /* PBXTargetDependency */,
			);
			name = gripTests;
			productName = gripTests;
			productReference = A0D17A732853A5380088E929 /* gripTests.xctest */;
			productType = "com.apple.product-type.bundle.unit-test";
		};
		A0D17A7C2853A5380088E929 /* gripUITests */ = {
			isa = PBXNativeTarget;
			buildConfigurationList = A0D17A8D2853A5380088E929 /* Build configuration list for PBXNativeTarget "gripUITests" */;
			buildPhases = (
				C48BF6A41B6A64570044BACF /* [CP] Check Pods Manifest.lock */,
				A0D17A792853A5380088E929 /* Sources */,
				A0D17A7A2853A5380088E929 /* Frameworks */,
				A0D17A7B2853A5380088E929 /* Resources */,
			);
			buildRules = (
			);
			dependencies = (
				A0D17A7F2853A5380088E929 /* PBXTargetDependency */,
			);
			name = gripUITests;
			productName = gripUITests;
			productReference = A0D17A7D2853A5380088E929 /* gripUITests.xctest */;
			productType = "com.apple.product-type.bundle.ui-testing";
		};
/* End PBXNativeTarget section */

/* Begin PBXProject section */
		A0D17A522853A5370088E929 /* Project object */ = {
			isa = PBXProject;
			attributes = {
				BuildIndependentTargetsInParallel = 1;
				LastSwiftUpdateCheck = 1340;
				LastUpgradeCheck = 1340;
				TargetAttributes = {
					A0D17A592853A5370088E929 = {
						CreatedOnToolsVersion = 13.4.1;
					};
					A0D17A722853A5380088E929 = {
						CreatedOnToolsVersion = 13.4.1;
						TestTargetID = A0D17A592853A5370088E929;
					};
					A0D17A7C2853A5380088E929 = {
						CreatedOnToolsVersion = 13.4.1;
						TestTargetID = A0D17A592853A5370088E929;
					};
				};
			};
			buildConfigurationList = A0D17A552853A5370088E929 /* Build configuration list for PBXProject "grip" */;
			compatibilityVersion = "Xcode 13.0";
			developmentRegion = en;
			hasScannedForEncodings = 0;
			knownRegions = (
				en,
				Base,
			);
			mainGroup = A0D17A512853A5370088E929;
			productRefGroup = A0D17A5B2853A5370088E929 /* Products */;
			projectDirPath = "";
			projectRoot = "";
			targets = (
				A0D17A592853A5370088E929 /* grip */,
				A0D17A722853A5380088E929 /* gripTests */,
				A0D17A7C2853A5380088E929 /* gripUITests */,
			);
		};
/* End PBXProject section */

/* Begin PBXResourcesBuildPhase section */
		A0D17A582853A5370088E929 /* Resources */ = {
			isa = PBXResourcesBuildPhase;
			buildActionMask = 2147483647;
			files = (
				A0D17A6D2853A5380088E929 /* LaunchScreen.storyboard in Resources */,
				A0D17A6A2853A5380088E929 /* Assets.xcassets in Resources */,
				A0D17A652853A5370088E929 /* Main.storyboard in Resources */,
			);
			runOnlyForDeploymentPostprocessing = 0;
		};
		A0D17A712853A5380088E929 /* Resources */ = {
			isa = PBXResourcesBuildPhase;
			buildActionMask = 2147483647;
			files = (
			);
			runOnlyForDeploymentPostprocessing = 0;
		};
		A0D17A7B2853A5380088E929 /* Resources */ = {
			isa = PBXResourcesBuildPhase;
			buildActionMask = 2147483647;
			files = (
			);
			runOnlyForDeploymentPostprocessing = 0;
		};
/* End PBXResourcesBuildPhase section */

/* Begin PBXShellScriptBuildPhase section */
		25DE852144BD867EFEC2E66B /* [CP] Check Pods Manifest.lock */ = {
			isa = PBXShellScriptBuildPhase;
			buildActionMask = 2147483647;
			files = (
			);
			inputFileListPaths = (
			);
			inputPaths = (
				"${PODS_PODFILE_DIR_PATH}/Podfile.lock",
				"${PODS_ROOT}/Manifest.lock",
			);
			name = "[CP] Check Pods Manifest.lock";
			outputFileListPaths = (
			);
			outputPaths = (
				"$(DERIVED_FILE_DIR)/Pods-grip-checkManifestLockResult.txt",
			);
			runOnlyForDeploymentPostprocessing = 0;
			shellPath = /bin/sh;
			shellScript = "diff \"${PODS_PODFILE_DIR_PATH}/Podfile.lock\" \"${PODS_ROOT}/Manifest.lock\" > /dev/null\nif [ $? != 0 ] ; then\n    # print error to STDERR\n    echo \"error: The sandbox is not in sync with the Podfile.lock. Run 'pod install' or update your CocoaPods installation.\" >&2\n    exit 1\nfi\n# This output is used by Xcode 'outputs' to avoid re-running this script phase.\necho \"SUCCESS\" > \"${SCRIPT_OUTPUT_FILE_0}\"\n";
			showEnvVarsInLog = 0;
		};
		637A0922070CC5720044A906 /* [CP] Check Pods Manifest.lock */ = {
			isa = PBXShellScriptBuildPhase;
			buildActionMask = 2147483647;
			files = (
			);
			inputFileListPaths = (
			);
			inputPaths = (
				"${PODS_PODFILE_DIR_PATH}/Podfile.lock",
				"${PODS_ROOT}/Manifest.lock",
			);
			name = "[CP] Check Pods Manifest.lock";
			outputFileListPaths = (
			);
			outputPaths = (
				"$(DERIVED_FILE_DIR)/Pods-gripTests-checkManifestLockResult.txt",
			);
			runOnlyForDeploymentPostprocessing = 0;
			shellPath = /bin/sh;
			shellScript = "diff \"${PODS_PODFILE_DIR_PATH}/Podfile.lock\" \"${PODS_ROOT}/Manifest.lock\" > /dev/null\nif [ $? != 0 ] ; then\n    # print error to STDERR\n    echo \"error: The sandbox is not in sync with the Podfile.lock. Run 'pod install' or update your CocoaPods installation.\" >&2\n    exit 1\nfi\n# This output is used by Xcode 'outputs' to avoid re-running this script phase.\necho \"SUCCESS\" > \"${SCRIPT_OUTPUT_FILE_0}\"\n";
			showEnvVarsInLog = 0;
		};
		C48BF6A41B6A64570044BACF /* [CP] Check Pods Manifest.lock */ = {
			isa = PBXShellScriptBuildPhase;
			buildActionMask = 2147483647;
			files = (
			);
			inputFileListPaths = (
			);
			inputPaths = (
				"${PODS_PODFILE_DIR_PATH}/Podfile.lock",
				"${PODS_ROOT}/Manifest.lock",
			);
			name = "[CP] Check Pods Manifest.lock";
			outputFileListPaths = (
			);
			outputPaths = (
				"$(DERIVED_FILE_DIR)/Pods-grip-gripUITests-checkManifestLockResult.txt",
			);
			runOnlyForDeploymentPostprocessing = 0;
			shellPath = /bin/sh;
			shellScript = "diff \"${PODS_PODFILE_DIR_PATH}/Podfile.lock\" \"${PODS_ROOT}/Manifest.lock\" > /dev/null\nif [ $? != 0 ] ; then\n    # print error to STDERR\n    echo \"error: The sandbox is not in sync with the Podfile.lock. Run 'pod install' or update your CocoaPods installation.\" >&2\n    exit 1\nfi\n# This output is used by Xcode 'outputs' to avoid re-running this script phase.\necho \"SUCCESS\" > \"${SCRIPT_OUTPUT_FILE_0}\"\n";
			showEnvVarsInLog = 0;
		};
/* End PBXShellScriptBuildPhase section */

/* Begin PBXSourcesBuildPhase section */
		A0D17A562853A5370088E929 /* Sources */ = {
			isa = PBXSourcesBuildPhase;
			buildActionMask = 2147483647;
			files = (
				A0D17A622853A5370088E929 /* ViewController.swift in Sources */,
				A0D17A5E2853A5370088E929 /* AppDelegate.swift in Sources */,
				A0D17A602853A5370088E929 /* SceneDelegate.swift in Sources */,
				A0D17A682853A5370088E929 /* grip.xcdatamodeld in Sources */,
			);
			runOnlyForDeploymentPostprocessing = 0;
		};
		A0D17A6F2853A5380088E929 /* Sources */ = {
			isa = PBXSourcesBuildPhase;
			buildActionMask = 2147483647;
			files = (
				A0D17A782853A5380088E929 /* gripTests.swift in Sources */,
			);
			runOnlyForDeploymentPostprocessing = 0;
		};
		A0D17A792853A5380088E929 /* Sources */ = {
			isa = PBXSourcesBuildPhase;
			buildActionMask = 2147483647;
			files = (
				A0D17A842853A5380088E929 /* gripUITestsLaunchTests.swift in Sources */,
				A0D17A822853A5380088E929 /* gripUITests.swift in Sources */,
			);
			runOnlyForDeploymentPostprocessing = 0;
		};
/* End PBXSourcesBuildPhase section */

/* Begin PBXTargetDependency section */
		A0D17A752853A5380088E929 /* PBXTargetDependency */ = {
			isa = PBXTargetDependency;
			target = A0D17A592853A5370088E929 /* grip */;
			targetProxy = A0D17A742853A5380088E929 /* PBXContainerItemProxy */;
		};
		A0D17A7F2853A5380088E929 /* PBXTargetDependency */ = {
			isa = PBXTargetDependency;
			target = A0D17A592853A5370088E929 /* grip */;
			targetProxy = A0D17A7E2853A5380088E929 /* PBXContainerItemProxy */;
		};
/* End PBXTargetDependency section */

/* Begin PBXVariantGroup section */
		A0D17A632853A5370088E929 /* Main.storyboard */ = {
			isa = PBXVariantGroup;
			children = (
				A0D17A642853A5370088E929 /* Base */,
			);
			name = Main.storyboard;
			sourceTree = "<group>";
		};
		A0D17A6B2853A5380088E929 /* LaunchScreen.storyboard */ = {
			isa = PBXVariantGroup;
			children = (
				A0D17A6C2853A5380088E929 /* Base */,
			);
			name = LaunchScreen.storyboard;
			sourceTree = "<group>";
		};
/* End PBXVariantGroup section */

/* Begin XCBuildConfiguration section */
		A0D17A852853A5380088E929 /* Dev Stag */ = {
			isa = XCBuildConfiguration;
			buildSettings = {
				ALWAYS_SEARCH_USER_PATHS = NO;
				CLANG_ANALYZER_NONNULL = YES;
				CLANG_ANALYZER_NUMBER_OBJECT_CONVERSION = YES_AGGRESSIVE;
				CLANG_CXX_LANGUAGE_STANDARD = "gnu++17";
				CLANG_ENABLE_MODULES = YES;
				CLANG_ENABLE_OBJC_ARC = YES;
				CLANG_ENABLE_OBJC_WEAK = YES;
				CLANG_WARN_BLOCK_CAPTURE_AUTORELEASING = YES;
				CLANG_WARN_BOOL_CONVERSION = YES;
				CLANG_WARN_COMMA = YES;
				CLANG_WARN_CONSTANT_CONVERSION = YES;
				CLANG_WARN_DEPRECATED_OBJC_IMPLEMENTATIONS = YES;
				CLANG_WARN_DIRECT_OBJC_ISA_USAGE = YES_ERROR;
				CLANG_WARN_DOCUMENTATION_COMMENTS = YES;
				CLANG_WARN_EMPTY_BODY = YES;
				CLANG_WARN_ENUM_CONVERSION = YES;
				CLANG_WARN_INFINITE_RECURSION = YES;
				CLANG_WARN_INT_CONVERSION = YES;
				CLANG_WARN_NON_LITERAL_NULL_CONVERSION = YES;
				CLANG_WARN_OBJC_IMPLICIT_RETAIN_SELF = YES;
				CLANG_WARN_OBJC_LITERAL_CONVERSION = YES;
				CLANG_WARN_OBJC_ROOT_CLASS = YES_ERROR;
				CLANG_WARN_QUOTED_INCLUDE_IN_FRAMEWORK_HEADER = YES;
				CLANG_WARN_RANGE_LOOP_ANALYSIS = YES;
				CLANG_WARN_STRICT_PROTOTYPES = YES;
				CLANG_WARN_SUSPICIOUS_MOVE = YES;
				CLANG_WARN_UNGUARDED_AVAILABILITY = YES_AGGRESSIVE;
				CLANG_WARN_UNREACHABLE_CODE = YES;
				CLANG_WARN__DUPLICATE_METHOD_MATCH = YES;
				COPY_PHASE_STRIP = NO;
				DEBUG_INFORMATION_FORMAT = dwarf;
				ENABLE_STRICT_OBJC_MSGSEND = YES;
				ENABLE_TESTABILITY = YES;
				GCC_C_LANGUAGE_STANDARD = gnu11;
				GCC_DYNAMIC_NO_PIC = NO;
				GCC_NO_COMMON_BLOCKS = YES;
				GCC_OPTIMIZATION_LEVEL = 0;
				GCC_PREPROCESSOR_DEFINITIONS = (
					"DEBUG=1",
					"$(inherited)",
				);
				GCC_WARN_64_TO_32_BIT_CONVERSION = YES;
				GCC_WARN_ABOUT_RETURN_TYPE = YES_ERROR;
				GCC_WARN_UNDECLARED_SELECTOR = YES;
				GCC_WARN_UNINITIALIZED_AUTOS = YES_AGGRESSIVE;
				GCC_WARN_UNUSED_FUNCTION = YES;
				GCC_WARN_UNUSED_VARIABLE = YES;
				IPHONEOS_DEPLOYMENT_TARGET = 12.0;
				MTL_ENABLE_DEBUG_INFO = INCLUDE_SOURCE;
				MTL_FAST_MATH = YES;
				ONLY_ACTIVE_ARCH = YES;
				SDKROOT = iphoneos;
				SWIFT_ACTIVE_COMPILATION_CONDITIONS = DEBUG;
				SWIFT_OPTIMIZATION_LEVEL = "-Onone";
			};
			name = "Dev Stag";
		};
		A0D17A862853A5380088E929 /* Production */ = {
			isa = XCBuildConfiguration;
			buildSettings = {
				ALWAYS_SEARCH_USER_PATHS = NO;
				CLANG_ANALYZER_NONNULL = YES;
				CLANG_ANALYZER_NUMBER_OBJECT_CONVERSION = YES_AGGRESSIVE;
				CLANG_CXX_LANGUAGE_STANDARD = "gnu++17";
				CLANG_ENABLE_MODULES = YES;
				CLANG_ENABLE_OBJC_ARC = YES;
				CLANG_ENABLE_OBJC_WEAK = YES;
				CLANG_WARN_BLOCK_CAPTURE_AUTORELEASING = YES;
				CLANG_WARN_BOOL_CONVERSION = YES;
				CLANG_WARN_COMMA = YES;
				CLANG_WARN_CONSTANT_CONVERSION = YES;
				CLANG_WARN_DEPRECATED_OBJC_IMPLEMENTATIONS = YES;
				CLANG_WARN_DIRECT_OBJC_ISA_USAGE = YES_ERROR;
				CLANG_WARN_DOCUMENTATION_COMMENTS = YES;
				CLANG_WARN_EMPTY_BODY = YES;
				CLANG_WARN_ENUM_CONVERSION = YES;
				CLANG_WARN_INFINITE_RECURSION = YES;
				CLANG_WARN_INT_CONVERSION = YES;
				CLANG_WARN_NON_LITERAL_NULL_CONVERSION = YES;
				CLANG_WARN_OBJC_IMPLICIT_RETAIN_SELF = YES;
				CLANG_WARN_OBJC_LITERAL_CONVERSION = YES;
				CLANG_WARN_OBJC_ROOT_CLASS = YES_ERROR;
				CLANG_WARN_QUOTED_INCLUDE_IN_FRAMEWORK_HEADER = YES;
				CLANG_WARN_RANGE_LOOP_ANALYSIS = YES;
				CLANG_WARN_STRICT_PROTOTYPES = YES;
				CLANG_WARN_SUSPICIOUS_MOVE = YES;
				CLANG_WARN_UNGUARDED_AVAILABILITY = YES_AGGRESSIVE;
				CLANG_WARN_UNREACHABLE_CODE = YES;
				CLANG_WARN__DUPLICATE_METHOD_MATCH = YES;
				COPY_PHASE_STRIP = NO;
				DEBUG_INFORMATION_FORMAT = "dwarf-with-dsym";
				ENABLE_NS_ASSERTIONS = NO;
				ENABLE_STRICT_OBJC_MSGSEND = YES;
				GCC_C_LANGUAGE_STANDARD = gnu11;
				GCC_NO_COMMON_BLOCKS = YES;
				GCC_WARN_64_TO_32_BIT_CONVERSION = YES;
				GCC_WARN_ABOUT_RETURN_TYPE = YES_ERROR;
				GCC_WARN_UNDECLARED_SELECTOR = YES;
				GCC_WARN_UNINITIALIZED_AUTOS = YES_AGGRESSIVE;
				GCC_WARN_UNUSED_FUNCTION = YES;
				GCC_WARN_UNUSED_VARIABLE = YES;
				IPHONEOS_DEPLOYMENT_TARGET = 12.0;
				MTL_ENABLE_DEBUG_INFO = NO;
				MTL_FAST_MATH = YES;
				SDKROOT = iphoneos;
				SWIFT_COMPILATION_MODE = wholemodule;
				SWIFT_OPTIMIZATION_LEVEL = "-O";
				VALIDATE_PRODUCT = YES;
			};
			name = Production;
		};
		A0D17A882853A5380088E929 /* Dev Stag */ = {
			isa = XCBuildConfiguration;
			baseConfigurationReference = DC0C3983AF09945CA6B9BB9B /* Pods-grip.dev stag.xcconfig */;
			buildSettings = {
				ASSETCATALOG_COMPILER_APPICON_NAME = AppIconStaging;
				ASSETCATALOG_COMPILER_GLOBAL_ACCENT_COLOR_NAME = AccentColor;
				ASSETCATALOG_COMPILER_INCLUDE_ALL_APPICON_ASSETS = YES;
				CODE_SIGN_STYLE = Automatic;
				CURRENT_PROJECT_VERSION = 1;
				DEVELOPMENT_TEAM = QNT26F7HW2;
				GENERATE_INFOPLIST_FILE = YES;
				INFOPLIST_FILE = grip/Info.plist;
				INFOPLIST_KEY_UIApplicationSupportsIndirectInputEvents = YES;
				INFOPLIST_KEY_UILaunchStoryboardName = LaunchScreen;
				INFOPLIST_KEY_UIMainStoryboardFile = Main;
				INFOPLIST_KEY_UISupportedInterfaceOrientations_iPad = "UIInterfaceOrientationPortrait UIInterfaceOrientationPortraitUpsideDown UIInterfaceOrientationLandscapeLeft UIInterfaceOrientationLandscapeRight";
				INFOPLIST_KEY_UISupportedInterfaceOrientations_iPhone = "UIInterfaceOrientationPortrait UIInterfaceOrientationLandscapeLeft UIInterfaceOrientationLandscapeRight";
				IPHONEOS_DEPLOYMENT_TARGET = 12.0;
				LD_RUNPATH_SEARCH_PATHS = (
					"$(inherited)",
					"@executable_path/Frameworks",
				);
				MARKETING_VERSION = 1.0;
				PRODUCT_BUNDLE_IDENTIFIER = com.xabdaz.grip.stag;
				PRODUCT_NAME = "$(TARGET_NAME)";
				SWIFT_EMIT_LOC_STRINGS = YES;
				SWIFT_VERSION = 5.0;
				TARGETED_DEVICE_FAMILY = 1;
			};
			name = "Dev Stag";
		};
		A0D17A892853A5380088E929 /* Production */ = {
			isa = XCBuildConfiguration;
			baseConfigurationReference = 0DF0C98BABC49266D31C1B84 /* Pods-grip.production.xcconfig */;
			buildSettings = {
				ASSETCATALOG_COMPILER_APPICON_NAME = AppIcon;
				ASSETCATALOG_COMPILER_GLOBAL_ACCENT_COLOR_NAME = AccentColor;
				ASSETCATALOG_COMPILER_INCLUDE_ALL_APPICON_ASSETS = YES;
				CODE_SIGN_STYLE = Automatic;
				CURRENT_PROJECT_VERSION = 1;
				DEVELOPMENT_TEAM = QNT26F7HW2;
				GENERATE_INFOPLIST_FILE = YES;
				INFOPLIST_FILE = grip/Info.plist;
				INFOPLIST_KEY_UIApplicationSupportsIndirectInputEvents = YES;
				INFOPLIST_KEY_UILaunchStoryboardName = LaunchScreen;
				INFOPLIST_KEY_UIMainStoryboardFile = Main;
				INFOPLIST_KEY_UISupportedInterfaceOrientations_iPad = "UIInterfaceOrientationPortrait UIInterfaceOrientationPortraitUpsideDown UIInterfaceOrientationLandscapeLeft UIInterfaceOrientationLandscapeRight";
				INFOPLIST_KEY_UISupportedInterfaceOrientations_iPhone = "UIInterfaceOrientationPortrait UIInterfaceOrientationLandscapeLeft UIInterfaceOrientationLandscapeRight";
				IPHONEOS_DEPLOYMENT_TARGET = 12.0;
				LD_RUNPATH_SEARCH_PATHS = (
					"$(inherited)",
					"@executable_path/Frameworks",
				);
				MARKETING_VERSION = 1.0;
				PRODUCT_BUNDLE_IDENTIFIER = com.xabdaz.grip;
				PRODUCT_NAME = "$(TARGET_NAME)";
				SWIFT_EMIT_LOC_STRINGS = YES;
				SWIFT_VERSION = 5.0;
				TARGETED_DEVICE_FAMILY = 1;
			};
			name = Production;
		};
		A0D17A8B2853A5380088E929 /* Dev Stag */ = {
			isa = XCBuildConfiguration;
			baseConfigurationReference = C49B1E3B354716F4917A9ADB /* Pods-gripTests.dev stag.xcconfig */;
			buildSettings = {
				ALWAYS_EMBED_SWIFT_STANDARD_LIBRARIES = YES;
				BUNDLE_LOADER = "$(TEST_HOST)";
				CODE_SIGN_STYLE = Automatic;
				CURRENT_PROJECT_VERSION = 1;
				DEVELOPMENT_TEAM = QNT26F7HW2;
				GENERATE_INFOPLIST_FILE = YES;
				IPHONEOS_DEPLOYMENT_TARGET = 12.0;
				MARKETING_VERSION = 1.0;
				PRODUCT_BUNDLE_IDENTIFIER = com.xabdaz.gripTests;
				PRODUCT_NAME = "$(TARGET_NAME)";
				SWIFT_EMIT_LOC_STRINGS = NO;
				SWIFT_VERSION = 5.0;
				TARGETED_DEVICE_FAMILY = "1,2";
				TEST_HOST = "$(BUILT_PRODUCTS_DIR)/grip.app/grip";
			};
			name = "Dev Stag";
		};
		A0D17A8C2853A5380088E929 /* Production */ = {
			isa = XCBuildConfiguration;
			baseConfigurationReference = 7965D57AE9FA6995E7CFAE5F /* Pods-gripTests.production.xcconfig */;
			buildSettings = {
				ALWAYS_EMBED_SWIFT_STANDARD_LIBRARIES = YES;
				BUNDLE_LOADER = "$(TEST_HOST)";
				CODE_SIGN_STYLE = Automatic;
				CURRENT_PROJECT_VERSION = 1;
				DEVELOPMENT_TEAM = QNT26F7HW2;
				GENERATE_INFOPLIST_FILE = YES;
				IPHONEOS_DEPLOYMENT_TARGET = 12.0;
				MARKETING_VERSION = 1.0;
				PRODUCT_BUNDLE_IDENTIFIER = com.xabdaz.gripTests;
				PRODUCT_NAME = "$(TARGET_NAME)";
				SWIFT_EMIT_LOC_STRINGS = NO;
				SWIFT_VERSION = 5.0;
				TARGETED_DEVICE_FAMILY = "1,2";
				TEST_HOST = "$(BUILT_PRODUCTS_DIR)/grip.app/grip";
			};
			name = Production;
		};
		A0D17A8E2853A5380088E929 /* Dev Stag */ = {
			isa = XCBuildConfiguration;
			baseConfigurationReference = 3A6F12436FF5DF286DC594A4 /* Pods-grip-gripUITests.dev stag.xcconfig */;
			buildSettings = {
				ALWAYS_EMBED_SWIFT_STANDARD_LIBRARIES = YES;
				CODE_SIGN_STYLE = Automatic;
				CURRENT_PROJECT_VERSION = 1;
				DEVELOPMENT_TEAM = QNT26F7HW2;
				GENERATE_INFOPLIST_FILE = YES;
				MARKETING_VERSION = 1.0;
				PRODUCT_BUNDLE_IDENTIFIER = com.xabdaz.gripUITests;
				PRODUCT_NAME = "$(TARGET_NAME)";
				SWIFT_EMIT_LOC_STRINGS = NO;
				SWIFT_VERSION = 5.0;
				TARGETED_DEVICE_FAMILY = "1,2";
				TEST_TARGET_NAME = grip;
			};
			name = "Dev Stag";
		};
		A0D17A8F2853A5380088E929 /* Production */ = {
			isa = XCBuildConfiguration;
			baseConfigurationReference = 2233F04A1C495D6B1219F331 /* Pods-grip-gripUITests.production.xcconfig */;
			buildSettings = {
				ALWAYS_EMBED_SWIFT_STANDARD_LIBRARIES = YES;
				CODE_SIGN_STYLE = Automatic;
				CURRENT_PROJECT_VERSION = 1;
				DEVELOPMENT_TEAM = QNT26F7HW2;
				GENERATE_INFOPLIST_FILE = YES;
				MARKETING_VERSION = 1.0;
				PRODUCT_BUNDLE_IDENTIFIER = com.xabdaz.gripUITests;
				PRODUCT_NAME = "$(TARGET_NAME)";
				SWIFT_EMIT_LOC_STRINGS = NO;
				SWIFT_VERSION = 5.0;
				TARGETED_DEVICE_FAMILY = "1,2";
				TEST_TARGET_NAME = grip;
			};
			name = Production;
		};
		A0D17A912853AAD20088E929 /* Dev QA */ = {
			isa = XCBuildConfiguration;
			buildSettings = {
				ALWAYS_SEARCH_USER_PATHS = NO;
				CLANG_ANALYZER_NONNULL = YES;
				CLANG_ANALYZER_NUMBER_OBJECT_CONVERSION = YES_AGGRESSIVE;
				CLANG_CXX_LANGUAGE_STANDARD = "gnu++17";
				CLANG_ENABLE_MODULES = YES;
				CLANG_ENABLE_OBJC_ARC = YES;
				CLANG_ENABLE_OBJC_WEAK = YES;
				CLANG_WARN_BLOCK_CAPTURE_AUTORELEASING = YES;
				CLANG_WARN_BOOL_CONVERSION = YES;
				CLANG_WARN_COMMA = YES;
				CLANG_WARN_CONSTANT_CONVERSION = YES;
				CLANG_WARN_DEPRECATED_OBJC_IMPLEMENTATIONS = YES;
				CLANG_WARN_DIRECT_OBJC_ISA_USAGE = YES_ERROR;
				CLANG_WARN_DOCUMENTATION_COMMENTS = YES;
				CLANG_WARN_EMPTY_BODY = YES;
				CLANG_WARN_ENUM_CONVERSION = YES;
				CLANG_WARN_INFINITE_RECURSION = YES;
				CLANG_WARN_INT_CONVERSION = YES;
				CLANG_WARN_NON_LITERAL_NULL_CONVERSION = YES;
				CLANG_WARN_OBJC_IMPLICIT_RETAIN_SELF = YES;
				CLANG_WARN_OBJC_LITERAL_CONVERSION = YES;
				CLANG_WARN_OBJC_ROOT_CLASS = YES_ERROR;
				CLANG_WARN_QUOTED_INCLUDE_IN_FRAMEWORK_HEADER = YES;
				CLANG_WARN_RANGE_LOOP_ANALYSIS = YES;
				CLANG_WARN_STRICT_PROTOTYPES = YES;
				CLANG_WARN_SUSPICIOUS_MOVE = YES;
				CLANG_WARN_UNGUARDED_AVAILABILITY = YES_AGGRESSIVE;
				CLANG_WARN_UNREACHABLE_CODE = YES;
				CLANG_WARN__DUPLICATE_METHOD_MATCH = YES;
				COPY_PHASE_STRIP = NO;
				DEBUG_INFORMATION_FORMAT = dwarf;
				ENABLE_STRICT_OBJC_MSGSEND = YES;
				ENABLE_TESTABILITY = YES;
				GCC_C_LANGUAGE_STANDARD = gnu11;
				GCC_DYNAMIC_NO_PIC = NO;
				GCC_NO_COMMON_BLOCKS = YES;
				GCC_OPTIMIZATION_LEVEL = 0;
				GCC_PREPROCESSOR_DEFINITIONS = (
					"DEBUG=1",
					"$(inherited)",
				);
				GCC_WARN_64_TO_32_BIT_CONVERSION = YES;
				GCC_WARN_ABOUT_RETURN_TYPE = YES_ERROR;
				GCC_WARN_UNDECLARED_SELECTOR = YES;
				GCC_WARN_UNINITIALIZED_AUTOS = YES_AGGRESSIVE;
				GCC_WARN_UNUSED_FUNCTION = YES;
				GCC_WARN_UNUSED_VARIABLE = YES;
				IPHONEOS_DEPLOYMENT_TARGET = 12.0;
				MTL_ENABLE_DEBUG_INFO = INCLUDE_SOURCE;
				MTL_FAST_MATH = YES;
				ONLY_ACTIVE_ARCH = YES;
				SDKROOT = iphoneos;
				SWIFT_ACTIVE_COMPILATION_CONDITIONS = DEBUG;
				SWIFT_OPTIMIZATION_LEVEL = "-Onone";
			};
			name = "Dev QA";
		};
		A0D17A922853AAD20088E929 /* Dev QA */ = {
			isa = XCBuildConfiguration;
			baseConfigurationReference = 27E2BB42E6F8E77311239261 /* Pods-grip.dev qa.xcconfig */;
			buildSettings = {
				ASSETCATALOG_COMPILER_APPICON_NAME = AppIconQA;
				ASSETCATALOG_COMPILER_GLOBAL_ACCENT_COLOR_NAME = AccentColor;
				ASSETCATALOG_COMPILER_INCLUDE_ALL_APPICON_ASSETS = YES;
				CODE_SIGN_STYLE = Automatic;
				CURRENT_PROJECT_VERSION = 1;
				DEVELOPMENT_TEAM = QNT26F7HW2;
				GENERATE_INFOPLIST_FILE = YES;
				INFOPLIST_FILE = grip/Info.plist;
				INFOPLIST_KEY_UIApplicationSupportsIndirectInputEvents = YES;
				INFOPLIST_KEY_UILaunchStoryboardName = LaunchScreen;
				INFOPLIST_KEY_UIMainStoryboardFile = Main;
				INFOPLIST_KEY_UISupportedInterfaceOrientations_iPad = "UIInterfaceOrientationPortrait UIInterfaceOrientationPortraitUpsideDown UIInterfaceOrientationLandscapeLeft UIInterfaceOrientationLandscapeRight";
				INFOPLIST_KEY_UISupportedInterfaceOrientations_iPhone = "UIInterfaceOrientationPortrait UIInterfaceOrientationLandscapeLeft UIInterfaceOrientationLandscapeRight";
				IPHONEOS_DEPLOYMENT_TARGET = 12.0;
				LD_RUNPATH_SEARCH_PATHS = (
					"$(inherited)",
					"@executable_path/Frameworks",
				);
				MARKETING_VERSION = 1.0;
				PRODUCT_BUNDLE_IDENTIFIER = com.xabdaz.grip.qa;
				PRODUCT_NAME = "$(TARGET_NAME)";
				SWIFT_EMIT_LOC_STRINGS = YES;
				SWIFT_VERSION = 5.0;
				TARGETED_DEVICE_FAMILY = 1;
			};
			name = "Dev QA";
		};
		A0D17A932853AAD20088E929 /* Dev QA */ = {
			isa = XCBuildConfiguration;
			baseConfigurationReference = 6B7D7A53A53E1715901E6DA8 /* Pods-gripTests.dev qa.xcconfig */;
			buildSettings = {
				ALWAYS_EMBED_SWIFT_STANDARD_LIBRARIES = YES;
				BUNDLE_LOADER = "$(TEST_HOST)";
				CODE_SIGN_STYLE = Automatic;
				CURRENT_PROJECT_VERSION = 1;
				DEVELOPMENT_TEAM = QNT26F7HW2;
				GENERATE_INFOPLIST_FILE = YES;
				IPHONEOS_DEPLOYMENT_TARGET = 12.0;
				MARKETING_VERSION = 1.0;
				PRODUCT_BUNDLE_IDENTIFIER = com.xabdaz.gripTests;
				PRODUCT_NAME = "$(TARGET_NAME)";
				SWIFT_EMIT_LOC_STRINGS = NO;
				SWIFT_VERSION = 5.0;
				TARGETED_DEVICE_FAMILY = "1,2";
				TEST_HOST = "$(BUILT_PRODUCTS_DIR)/grip.app/grip";
			};
			name = "Dev QA";
		};
		A0D17A942853AAD20088E929 /* Dev QA */ = {
			isa = XCBuildConfiguration;
			baseConfigurationReference = D9A4F7F8B5E4921689990B6E /* Pods-grip-gripUITests.dev qa.xcconfig */;
			buildSettings = {
				ALWAYS_EMBED_SWIFT_STANDARD_LIBRARIES = YES;
				CODE_SIGN_STYLE = Automatic;
				CURRENT_PROJECT_VERSION = 1;
				DEVELOPMENT_TEAM = QNT26F7HW2;
				GENERATE_INFOPLIST_FILE = YES;
				MARKETING_VERSION = 1.0;
				PRODUCT_BUNDLE_IDENTIFIER = com.xabdaz.gripUITests;
				PRODUCT_NAME = "$(TARGET_NAME)";
				SWIFT_EMIT_LOC_STRINGS = NO;
				SWIFT_VERSION = 5.0;
				TARGETED_DEVICE_FAMILY = "1,2";
				TEST_TARGET_NAME = grip;
			};
			name = "Dev QA";
		};
		A0D17A952853AB0E0088E929 /* Dev Mock */ = {
			isa = XCBuildConfiguration;
			buildSettings = {
				ALWAYS_SEARCH_USER_PATHS = NO;
				CLANG_ANALYZER_NONNULL = YES;
				CLANG_ANALYZER_NUMBER_OBJECT_CONVERSION = YES_AGGRESSIVE;
				CLANG_CXX_LANGUAGE_STANDARD = "gnu++17";
				CLANG_ENABLE_MODULES = YES;
				CLANG_ENABLE_OBJC_ARC = YES;
				CLANG_ENABLE_OBJC_WEAK = YES;
				CLANG_WARN_BLOCK_CAPTURE_AUTORELEASING = YES;
				CLANG_WARN_BOOL_CONVERSION = YES;
				CLANG_WARN_COMMA = YES;
				CLANG_WARN_CONSTANT_CONVERSION = YES;
				CLANG_WARN_DEPRECATED_OBJC_IMPLEMENTATIONS = YES;
				CLANG_WARN_DIRECT_OBJC_ISA_USAGE = YES_ERROR;
				CLANG_WARN_DOCUMENTATION_COMMENTS = YES;
				CLANG_WARN_EMPTY_BODY = YES;
				CLANG_WARN_ENUM_CONVERSION = YES;
				CLANG_WARN_INFINITE_RECURSION = YES;
				CLANG_WARN_INT_CONVERSION = YES;
				CLANG_WARN_NON_LITERAL_NULL_CONVERSION = YES;
				CLANG_WARN_OBJC_IMPLICIT_RETAIN_SELF = YES;
				CLANG_WARN_OBJC_LITERAL_CONVERSION = YES;
				CLANG_WARN_OBJC_ROOT_CLASS = YES_ERROR;
				CLANG_WARN_QUOTED_INCLUDE_IN_FRAMEWORK_HEADER = YES;
				CLANG_WARN_RANGE_LOOP_ANALYSIS = YES;
				CLANG_WARN_STRICT_PROTOTYPES = YES;
				CLANG_WARN_SUSPICIOUS_MOVE = YES;
				CLANG_WARN_UNGUARDED_AVAILABILITY = YES_AGGRESSIVE;
				CLANG_WARN_UNREACHABLE_CODE = YES;
				CLANG_WARN__DUPLICATE_METHOD_MATCH = YES;
				COPY_PHASE_STRIP = NO;
				DEBUG_INFORMATION_FORMAT = dwarf;
				ENABLE_STRICT_OBJC_MSGSEND = YES;
				ENABLE_TESTABILITY = YES;
				GCC_C_LANGUAGE_STANDARD = gnu11;
				GCC_DYNAMIC_NO_PIC = NO;
				GCC_NO_COMMON_BLOCKS = YES;
				GCC_OPTIMIZATION_LEVEL = 0;
				GCC_PREPROCESSOR_DEFINITIONS = (
					"DEBUG=1",
					"$(inherited)",
				);
				GCC_WARN_64_TO_32_BIT_CONVERSION = YES;
				GCC_WARN_ABOUT_RETURN_TYPE = YES_ERROR;
				GCC_WARN_UNDECLARED_SELECTOR = YES;
				GCC_WARN_UNINITIALIZED_AUTOS = YES_AGGRESSIVE;
				GCC_WARN_UNUSED_FUNCTION = YES;
				GCC_WARN_UNUSED_VARIABLE = YES;
				IPHONEOS_DEPLOYMENT_TARGET = 12.0;
				MTL_ENABLE_DEBUG_INFO = INCLUDE_SOURCE;
				MTL_FAST_MATH = YES;
				ONLY_ACTIVE_ARCH = YES;
				SDKROOT = iphoneos;
				SWIFT_ACTIVE_COMPILATION_CONDITIONS = DEBUG;
				SWIFT_OPTIMIZATION_LEVEL = "-Onone";
			};
			name = "Dev Mock";
		};
		A0D17A962853AB0E0088E929 /* Dev Mock */ = {
			isa = XCBuildConfiguration;
			baseConfigurationReference = 56F57561F9A7703F2DB4DF47 /* Pods-grip.dev mock.xcconfig */;
			buildSettings = {
				ASSETCATALOG_COMPILER_APPICON_NAME = AppIconMock;
				ASSETCATALOG_COMPILER_GLOBAL_ACCENT_COLOR_NAME = AccentColor;
				ASSETCATALOG_COMPILER_INCLUDE_ALL_APPICON_ASSETS = YES;
				CODE_SIGN_STYLE = Automatic;
				CURRENT_PROJECT_VERSION = 1;
				DEVELOPMENT_TEAM = QNT26F7HW2;
				GENERATE_INFOPLIST_FILE = YES;
				INFOPLIST_FILE = grip/Info.plist;
				INFOPLIST_KEY_UIApplicationSupportsIndirectInputEvents = YES;
				INFOPLIST_KEY_UILaunchStoryboardName = LaunchScreen;
				INFOPLIST_KEY_UIMainStoryboardFile = Main;
				INFOPLIST_KEY_UISupportedInterfaceOrientations_iPad = "UIInterfaceOrientationPortrait UIInterfaceOrientationPortraitUpsideDown UIInterfaceOrientationLandscapeLeft UIInterfaceOrientationLandscapeRight";
				INFOPLIST_KEY_UISupportedInterfaceOrientations_iPhone = "UIInterfaceOrientationPortrait UIInterfaceOrientationLandscapeLeft UIInterfaceOrientationLandscapeRight";
				IPHONEOS_DEPLOYMENT_TARGET = 12.0;
				LD_RUNPATH_SEARCH_PATHS = (
					"$(inherited)",
					"@executable_path/Frameworks",
				);
				MARKETING_VERSION = 1.0;
				PRODUCT_BUNDLE_IDENTIFIER = com.xabdaz.grip.mock;
				PRODUCT_NAME = "$(TARGET_NAME)";
				SWIFT_EMIT_LOC_STRINGS = YES;
				SWIFT_VERSION = 5.0;
				TARGETED_DEVICE_FAMILY = 1;
			};
			name = "Dev Mock";
		};
		A0D17A972853AB0E0088E929 /* Dev Mock */ = {
			isa = XCBuildConfiguration;
			baseConfigurationReference = 328121B41145F021DD082B15 /* Pods-gripTests.dev mock.xcconfig */;
			buildSettings = {
				ALWAYS_EMBED_SWIFT_STANDARD_LIBRARIES = YES;
				BUNDLE_LOADER = "$(TEST_HOST)";
				CODE_SIGN_STYLE = Automatic;
				CURRENT_PROJECT_VERSION = 1;
				DEVELOPMENT_TEAM = QNT26F7HW2;
				GENERATE_INFOPLIST_FILE = YES;
				IPHONEOS_DEPLOYMENT_TARGET = 12.0;
				MARKETING_VERSION = 1.0;
				PRODUCT_BUNDLE_IDENTIFIER = com.xabdaz.gripTests;
				PRODUCT_NAME = "$(TARGET_NAME)";
				SWIFT_EMIT_LOC_STRINGS = NO;
				SWIFT_VERSION = 5.0;
				TARGETED_DEVICE_FAMILY = "1,2";
				TEST_HOST = "$(BUILT_PRODUCTS_DIR)/grip.app/grip";
			};
			name = "Dev Mock";
		};
		A0D17A982853AB0E0088E929 /* Dev Mock */ = {
			isa = XCBuildConfiguration;
			baseConfigurationReference = 016EFC3CA3FC80D7E7163989 /* Pods-grip-gripUITests.dev mock.xcconfig */;
			buildSettings = {
				ALWAYS_EMBED_SWIFT_STANDARD_LIBRARIES = YES;
				CODE_SIGN_STYLE = Automatic;
				CURRENT_PROJECT_VERSION = 1;
				DEVELOPMENT_TEAM = QNT26F7HW2;
				GENERATE_INFOPLIST_FILE = YES;
				MARKETING_VERSION = 1.0;
				PRODUCT_BUNDLE_IDENTIFIER = com.xabdaz.gripUITests;
				PRODUCT_NAME = "$(TARGET_NAME)";
				SWIFT_EMIT_LOC_STRINGS = NO;
				SWIFT_VERSION = 5.0;
				TARGETED_DEVICE_FAMILY = "1,2";
				TEST_TARGET_NAME = grip;
			};
			name = "Dev Mock";
		};
		A0D17A992853AB510088E929 /* Dev Production */ = {
			isa = XCBuildConfiguration;
			buildSettings = {
				ALWAYS_SEARCH_USER_PATHS = NO;
				CLANG_ANALYZER_NONNULL = YES;
				CLANG_ANALYZER_NUMBER_OBJECT_CONVERSION = YES_AGGRESSIVE;
				CLANG_CXX_LANGUAGE_STANDARD = "gnu++17";
				CLANG_ENABLE_MODULES = YES;
				CLANG_ENABLE_OBJC_ARC = YES;
				CLANG_ENABLE_OBJC_WEAK = YES;
				CLANG_WARN_BLOCK_CAPTURE_AUTORELEASING = YES;
				CLANG_WARN_BOOL_CONVERSION = YES;
				CLANG_WARN_COMMA = YES;
				CLANG_WARN_CONSTANT_CONVERSION = YES;
				CLANG_WARN_DEPRECATED_OBJC_IMPLEMENTATIONS = YES;
				CLANG_WARN_DIRECT_OBJC_ISA_USAGE = YES_ERROR;
				CLANG_WARN_DOCUMENTATION_COMMENTS = YES;
				CLANG_WARN_EMPTY_BODY = YES;
				CLANG_WARN_ENUM_CONVERSION = YES;
				CLANG_WARN_INFINITE_RECURSION = YES;
				CLANG_WARN_INT_CONVERSION = YES;
				CLANG_WARN_NON_LITERAL_NULL_CONVERSION = YES;
				CLANG_WARN_OBJC_IMPLICIT_RETAIN_SELF = YES;
				CLANG_WARN_OBJC_LITERAL_CONVERSION = YES;
				CLANG_WARN_OBJC_ROOT_CLASS = YES_ERROR;
				CLANG_WARN_QUOTED_INCLUDE_IN_FRAMEWORK_HEADER = YES;
				CLANG_WARN_RANGE_LOOP_ANALYSIS = YES;
				CLANG_WARN_STRICT_PROTOTYPES = YES;
				CLANG_WARN_SUSPICIOUS_MOVE = YES;
				CLANG_WARN_UNGUARDED_AVAILABILITY = YES_AGGRESSIVE;
				CLANG_WARN_UNREACHABLE_CODE = YES;
				CLANG_WARN__DUPLICATE_METHOD_MATCH = YES;
				COPY_PHASE_STRIP = NO;
				DEBUG_INFORMATION_FORMAT = dwarf;
				ENABLE_STRICT_OBJC_MSGSEND = YES;
				ENABLE_TESTABILITY = YES;
				GCC_C_LANGUAGE_STANDARD = gnu11;
				GCC_DYNAMIC_NO_PIC = NO;
				GCC_NO_COMMON_BLOCKS = YES;
				GCC_OPTIMIZATION_LEVEL = 0;
				GCC_PREPROCESSOR_DEFINITIONS = (
					"DEBUG=1",
					"$(inherited)",
				);
				GCC_WARN_64_TO_32_BIT_CONVERSION = YES;
				GCC_WARN_ABOUT_RETURN_TYPE = YES_ERROR;
				GCC_WARN_UNDECLARED_SELECTOR = YES;
				GCC_WARN_UNINITIALIZED_AUTOS = YES_AGGRESSIVE;
				GCC_WARN_UNUSED_FUNCTION = YES;
				GCC_WARN_UNUSED_VARIABLE = YES;
				IPHONEOS_DEPLOYMENT_TARGET = 12.0;
				MTL_ENABLE_DEBUG_INFO = INCLUDE_SOURCE;
				MTL_FAST_MATH = YES;
				ONLY_ACTIVE_ARCH = YES;
				SDKROOT = iphoneos;
				SWIFT_ACTIVE_COMPILATION_CONDITIONS = DEBUG;
				SWIFT_OPTIMIZATION_LEVEL = "-Onone";
			};
			name = "Dev Production";
		};
		A0D17A9A2853AB510088E929 /* Dev Production */ = {
			isa = XCBuildConfiguration;
			baseConfigurationReference = 010C17BF95AC9C0D59EC512E /* Pods-grip.dev production.xcconfig */;
			buildSettings = {
				ASSETCATALOG_COMPILER_APPICON_NAME = AppIcon;
				ASSETCATALOG_COMPILER_GLOBAL_ACCENT_COLOR_NAME = AccentColor;
				ASSETCATALOG_COMPILER_INCLUDE_ALL_APPICON_ASSETS = YES;
				CODE_SIGN_STYLE = Automatic;
				CURRENT_PROJECT_VERSION = 1;
				DEVELOPMENT_TEAM = QNT26F7HW2;
				GENERATE_INFOPLIST_FILE = YES;
				INFOPLIST_FILE = grip/Info.plist;
				INFOPLIST_KEY_UIApplicationSupportsIndirectInputEvents = YES;
				INFOPLIST_KEY_UILaunchStoryboardName = LaunchScreen;
				INFOPLIST_KEY_UIMainStoryboardFile = Main;
				INFOPLIST_KEY_UISupportedInterfaceOrientations_iPad = "UIInterfaceOrientationPortrait UIInterfaceOrientationPortraitUpsideDown UIInterfaceOrientationLandscapeLeft UIInterfaceOrientationLandscapeRight";
				INFOPLIST_KEY_UISupportedInterfaceOrientations_iPhone = "UIInterfaceOrientationPortrait UIInterfaceOrientationLandscapeLeft UIInterfaceOrientationLandscapeRight";
				IPHONEOS_DEPLOYMENT_TARGET = 12.0;
				LD_RUNPATH_SEARCH_PATHS = (
					"$(inherited)",
					"@executable_path/Frameworks",
				);
				MARKETING_VERSION = 1.0;
				PRODUCT_BUNDLE_IDENTIFIER = com.xabdaz.grip;
				PRODUCT_NAME = "$(TARGET_NAME)";
				SWIFT_EMIT_LOC_STRINGS = YES;
				SWIFT_VERSION = 5.0;
				TARGETED_DEVICE_FAMILY = 1;
			};
			name = "Dev Production";
		};
		A0D17A9B2853AB510088E929 /* Dev Production */ = {
			isa = XCBuildConfiguration;
			baseConfigurationReference = B342442AB1D4C93CCA339786 /* Pods-gripTests.dev production.xcconfig */;
			buildSettings = {
				ALWAYS_EMBED_SWIFT_STANDARD_LIBRARIES = YES;
				BUNDLE_LOADER = "$(TEST_HOST)";
				CODE_SIGN_STYLE = Automatic;
				CURRENT_PROJECT_VERSION = 1;
				DEVELOPMENT_TEAM = QNT26F7HW2;
				GENERATE_INFOPLIST_FILE = YES;
				IPHONEOS_DEPLOYMENT_TARGET = 12.0;
				MARKETING_VERSION = 1.0;
				PRODUCT_BUNDLE_IDENTIFIER = com.xabdaz.gripTests;
				PRODUCT_NAME = "$(TARGET_NAME)";
				SWIFT_EMIT_LOC_STRINGS = NO;
				SWIFT_VERSION = 5.0;
				TARGETED_DEVICE_FAMILY = "1,2";
				TEST_HOST = "$(BUILT_PRODUCTS_DIR)/grip.app/grip";
			};
			name = "Dev Production";
		};
		A0D17A9C2853AB510088E929 /* Dev Production */ = {
			isa = XCBuildConfiguration;
			baseConfigurationReference = AF19712C7524F5587204A4A4 /* Pods-grip-gripUITests.dev production.xcconfig */;
			buildSettings = {
				ALWAYS_EMBED_SWIFT_STANDARD_LIBRARIES = YES;
				CODE_SIGN_STYLE = Automatic;
				CURRENT_PROJECT_VERSION = 1;
				DEVELOPMENT_TEAM = QNT26F7HW2;
				GENERATE_INFOPLIST_FILE = YES;
				MARKETING_VERSION = 1.0;
				PRODUCT_BUNDLE_IDENTIFIER = com.xabdaz.gripUITests;
				PRODUCT_NAME = "$(TARGET_NAME)";
				SWIFT_EMIT_LOC_STRINGS = NO;
				SWIFT_VERSION = 5.0;
				TARGETED_DEVICE_FAMILY = "1,2";
				TEST_TARGET_NAME = grip;
			};
			name = "Dev Production";
		};
/* End XCBuildConfiguration section */

/* Begin XCConfigurationList section */
		A0D17A552853A5370088E929 /* Build configuration list for PBXProject "grip" */ = {
			isa = XCConfigurationList;
			buildConfigurations = (
				A0D17A852853A5380088E929 /* Dev Stag */,
				A0D17A912853AAD20088E929 /* Dev QA */,
				A0D17A952853AB0E0088E929 /* Dev Mock */,
				A0D17A992853AB510088E929 /* Dev Production */,
				A0D17A862853A5380088E929 /* Production */,
			);
			defaultConfigurationIsVisible = 0;
			defaultConfigurationName = Production;
		};
		A0D17A872853A5380088E929 /* Build configuration list for PBXNativeTarget "grip" */ = {
			isa = XCConfigurationList;
			buildConfigurations = (
				A0D17A882853A5380088E929 /* Dev Stag */,
				A0D17A922853AAD20088E929 /* Dev QA */,
				A0D17A962853AB0E0088E929 /* Dev Mock */,
				A0D17A9A2853AB510088E929 /* Dev Production */,
				A0D17A892853A5380088E929 /* Production */,
			);
			defaultConfigurationIsVisible = 0;
			defaultConfigurationName = Production;
		};
		A0D17A8A2853A5380088E929 /* Build configuration list for PBXNativeTarget "gripTests" */ = {
			isa = XCConfigurationList;
			buildConfigurations = (
				A0D17A8B2853A5380088E929 /* Dev Stag */,
				A0D17A932853AAD20088E929 /* Dev QA */,
				A0D17A972853AB0E0088E929 /* Dev Mock */,
				A0D17A9B2853AB510088E929 /* Dev Production */,
				A0D17A8C2853A5380088E929 /* Production */,
			);
			defaultConfigurationIsVisible = 0;
			defaultConfigurationName = Production;
		};
		A0D17A8D2853A5380088E929 /* Build configuration list for PBXNativeTarget "gripUITests" */ = {
			isa = XCConfigurationList;
			buildConfigurations = (
				A0D17A8E2853A5380088E929 /* Dev Stag */,
				A0D17A942853AAD20088E929 /* Dev QA */,
				A0D17A982853AB0E0088E929 /* Dev Mock */,
				A0D17A9C2853AB510088E929 /* Dev Production */,
				A0D17A8F2853A5380088E929 /* Production */,
			);
			defaultConfigurationIsVisible = 0;
			defaultConfigurationName = Production;
		};
/* End XCConfigurationList section */

/* Begin XCVersionGroup section */
		A0D17A662853A5370088E929 /* grip.xcdatamodeld */ = {
			isa = XCVersionGroup;
			children = (
				A0D17A672853A5370088E929 /* grip.xcdatamodel */,
			);
			currentVersion = A0D17A672853A5370088E929 /* grip.xcdatamodel */;
			path = grip.xcdatamodeld;
			sourceTree = "<group>";
			versionGroupType = wrapper.xcdatamodel;
		};
/* End XCVersionGroup section */
	};
	rootObject = A0D17A522853A5370088E929 /* Project object */;
}
